
Microsoft Visual Studio Solution File, Format Version 12.00
# Visual Studio Version 17
VisualStudioVersion = 17.14.36221.1
MinimumVisualStudioVersion = 10.0.40219.1
Project("{FAE04EC0-301F-11D3-BF4B-00C04F79EFBC}") = "HoneyHub.Platform.AppHost", "Shared\HoneyHub.Platform.AppHost\HoneyHub.Platform.AppHost.csproj", "{446A17F2-5F60-4122-88E6-D1786717885D}"
EndProject
Project("{FAE04EC0-301F-11D3-BF4B-00C04F79EFBC}") = "HoneyHub.Platform.ServiceDefaults", "Shared\HoneyHub.Platform.ServiceDefaults\HoneyHub.Platform.ServiceDefaults.csproj", "{EAA7F2D4-6B55-852B-174C-0814BEF265ED}"
EndProject
Project("{2150E333-8FDC-42A3-9474-1A3956D46DE8}") = "Shared", "Shared", "{02EA681E-C7D8-13C7-8484-4AC65E1B71E8}"
EndProject
Project("{2150E333-8FDC-42A3-9474-1A3956D46DE8}") = "Solution Items", "Solution Items", "{9F45DA7D-1131-4E26-9492-4FBD0DAD9A79}"
EndProject
Project("{2150E333-8FDC-42A3-9474-1A3956D46DE8}") = "Domains", "Domains", "{017E1391-477D-4AC4-AA46-6DF558D6295D}"
EndProject
Project("{2150E333-8FDC-42A3-9474-1A3956D46DE8}") = "Users", "Users", "{2D476B9C-9303-48E8-8792-4D38279DBAAE}"
EndProject
Project("{00D1A9C2-B5F0-4AF3-8072-F6C62B433612}") = "HoneyHub.Users.Database", "Domains\Users\HoneyHub.Users.Database\HoneyHub.Users.Database.sqlproj", "{C839D6ED-1875-4812-A896-B358F79978BB}"
EndProject
Project("{FAE04EC0-301F-11D3-BF4B-00C04F79EFBC}") = "HoneyHub.Users.DataService", "Domains\Users\HoneyHub.Users.DataService\HoneyHub.Users.DataService.csproj", "{2BB1D2EA-BA5D-468E-9F0F-FD7E4A8DB7A1}"
EndProject
Project("{FAE04EC0-301F-11D3-BF4B-00C04F79EFBC}") = "HoneyHub.Users.AppService", "Domains\Users\HoneyHub.Users.AppService\HoneyHub.Users.AppService.csproj", "{5DC4BA63-45CF-4345-8005-EF22B5C6640D}"
EndProject
Project("{FAE04EC0-301F-11D3-BF4B-00C04F79EFBC}") = "HoneyHub.Core.DataService", "Shared\HoneyHub.Core.DataService\HoneyHub.Core.DataService.csproj", "{FDC53922-2FDF-4FF6-AB28-F5D7810421EC}"
EndProject
Project("{2150E333-8FDC-42A3-9474-1A3956D46DE8}") = "Powershell", "Powershell", "{AF8D10CF-08B0-44C3-8711-75B4F7E72C7C}"
	ProjectSection(SolutionItems) = preProject
		Powershell\rebuild-users-api.ps1 = Powershell\rebuild-users-api.ps1
	EndProjectSection
EndProject
Project("{2150E333-8FDC-42A3-9474-1A3956D46DE8}") = "Markdown", "Markdown", "{41EA3C2E-B4A7-4857-973F-A720F98A8AA6}"
	ProjectSection(SolutionItems) = preProject
		..\.github\copilot-instructions.md = ..\.github\copilot-instructions.md
	EndProjectSection
EndProject
Project("{2150E333-8FDC-42A3-9474-1A3956D46DE8}") = "Yml", "Yml", "{80CE1130-E903-41D2-AF93-500B2FDA6AAC}"
	ProjectSection(SolutionItems) = preProject
		azure-pipelines-user-database.yml = azure-pipelines-user-database.yml
	EndProjectSection
EndProject
Project("{2150E333-8FDC-42A3-9474-1A3956D46DE8}") = "Tools", "Tools", "{702919F4-2CBA-407E-9A29-9F7E95A660A5}"
EndProject
Project("{FAE04EC0-301F-11D3-BF4B-00C04F79EFBC}") = "LocalDbDeployer", "Tools\LocalDbDeployer\LocalDbDeployer.csproj", "{EB99B462-0DFA-4F88-80CA-31CFD72B39DD}"
EndProject
Project("{FAE04EC0-301F-11D3-BF4B-00C04F79EFBC}") = "HoneyHub.Outbox", "Shared\HoneyHub.Outbox\HoneyHub.Outbox.csproj", "{5EA52F9E-8832-46F0-918E-2118DF60C176}"
EndProject
Project("{FAE04EC0-301F-11D3-BF4B-00C04F79EFBC}") = "HoneyHub.Admin", "Apps\Admin\HoneyHub.Admin\HoneyHub.Admin.csproj", "{631E95E3-AEC6-90C4-F17B-E4D9E49E97C5}"
EndProject
Project("{2150E333-8FDC-42A3-9474-1A3956D46DE8}") = "Apps", "Apps", "{D376D7F7-F690-40F6-A419-5D1303A3C362}"
EndProject
Project("{2150E333-8FDC-42A3-9474-1A3956D46DE8}") = "Admin", "Admin", "{0ECAF0EB-4C94-4032-A610-F9A57835E250}"
EndProject
Project("{FAE04EC0-301F-11D3-BF4B-00C04F79EFBC}") = "HoneyHub.Logging", "Shared\HoneyHub.Logging\HoneyHub.Logging.csproj", "{FB056305-861B-460C-814A-16C7D86E0D9D}"
EndProject
Project("{2150E333-8FDC-42A3-9474-1A3956D46DE8}") = "Tests", "Tests", "{C6DE3E30-6064-4FF3-B5F5-A6CF79C86C4E}"
EndProject
Project("{FAE04EC0-301F-11D3-BF4B-00C04F79EFBC}") = "HoneyHub.Users.Api", "Domains\Users\HoneyHub.Users.Api\HoneyHub.Users.Api.csproj", "{D7F22565-E2F7-EA01-4FD6-2B118091936B}"
EndProject
Project("{FAE04EC0-301F-11D3-BF4B-00C04F79EFBC}") = "HoneyHub.Users.Api.Tests", "Domains\Users\Tests\HoneyHub.Users.Api.Tests\HoneyHub.Users.Api.Tests.csproj", "{A5C181D3-E62F-424F-8F0F-D7B03644C491}"
EndProject
Project("{FAE04EC0-301F-11D3-BF4B-00C04F79EFBC}") = "HoneyHub.Users.AppService.Tests", "Domains\Users\Tests\HoneyHub.Users.AppService.Tests\HoneyHub.Users.AppService.Tests.csproj", "{2CF90CD0-E7F9-404B-BA0A-75270DB6391D}"
EndProject
Project("{FAE04EC0-301F-11D3-BF4B-00C04F79EFBC}") = "HoneyHub.Users.DataService.Tests", "Domains\Users\Tests\HoneyHub.Users.DataService.Tests\HoneyHub.Users.DataService.Tests.csproj", "{FEC09318-30C2-4948-824B-D55DAAD09D55}"
EndProject
Global
	GlobalSection(SolutionConfigurationPlatforms) = preSolution
		Debug|Any CPU = Debug|Any CPU
		Release|Any CPU = Release|Any CPU
	EndGlobalSection
	GlobalSection(ProjectConfigurationPlatforms) = postSolution
		{446A17F2-5F60-4122-88E6-D1786717885D}.Debug|Any CPU.ActiveCfg = Debug|Any CPU
		{446A17F2-5F60-4122-88E6-D1786717885D}.Debug|Any CPU.Build.0 = Debug|Any CPU
		{446A17F2-5F60-4122-88E6-D1786717885D}.Release|Any CPU.ActiveCfg = Release|Any CPU
		{446A17F2-5F60-4122-88E6-D1786717885D}.Release|Any CPU.Build.0 = Release|Any CPU
		{EAA7F2D4-6B55-852B-174C-0814BEF265ED}.Debug|Any CPU.ActiveCfg = Debug|Any CPU
		{EAA7F2D4-6B55-852B-174C-0814BEF265ED}.Debug|Any CPU.Build.0 = Debug|Any CPU
		{EAA7F2D4-6B55-852B-174C-0814BEF265ED}.Release|Any CPU.ActiveCfg = Release|Any CPU
		{EAA7F2D4-6B55-852B-174C-0814BEF265ED}.Release|Any CPU.Build.0 = Release|Any CPU
		{C839D6ED-1875-4812-A896-B358F79978BB}.Debug|Any CPU.ActiveCfg = Debug|Any CPU
		{C839D6ED-1875-4812-A896-B358F79978BB}.Debug|Any CPU.Build.0 = Debug|Any CPU
		{C839D6ED-1875-4812-A896-B358F79978BB}.Debug|Any CPU.Deploy.0 = Debug|Any CPU
		{C839D6ED-1875-4812-A896-B358F79978BB}.Release|Any CPU.ActiveCfg = Release|Any CPU
		{C839D6ED-1875-4812-A896-B358F79978BB}.Release|Any CPU.Build.0 = Release|Any CPU
		{C839D6ED-1875-4812-A896-B358F79978BB}.Release|Any CPU.Deploy.0 = Release|Any CPU
		{2BB1D2EA-BA5D-468E-9F0F-FD7E4A8DB7A1}.Debug|Any CPU.ActiveCfg = Debug|Any CPU
		{2BB1D2EA-BA5D-468E-9F0F-FD7E4A8DB7A1}.Debug|Any CPU.Build.0 = Debug|Any CPU
		{2BB1D2EA-BA5D-468E-9F0F-FD7E4A8DB7A1}.Release|Any CPU.ActiveCfg = Release|Any CPU
		{2BB1D2EA-BA5D-468E-9F0F-FD7E4A8DB7A1}.Release|Any CPU.Build.0 = Release|Any CPU
		{5DC4BA63-45CF-4345-8005-EF22B5C6640D}.Debug|Any CPU.ActiveCfg = Debug|Any CPU
		{5DC4BA63-45CF-4345-8005-EF22B5C6640D}.Debug|Any CPU.Build.0 = Debug|Any CPU
		{5DC4BA63-45CF-4345-8005-EF22B5C6640D}.Release|Any CPU.ActiveCfg = Release|Any CPU
		{5DC4BA63-45CF-4345-8005-EF22B5C6640D}.Release|Any CPU.Build.0 = Release|Any CPU
		{FDC53922-2FDF-4FF6-AB28-F5D7810421EC}.Debug|Any CPU.ActiveCfg = Debug|Any CPU
		{FDC53922-2FDF-4FF6-AB28-F5D7810421EC}.Debug|Any CPU.Build.0 = Debug|Any CPU
		{FDC53922-2FDF-4FF6-AB28-F5D7810421EC}.Release|Any CPU.ActiveCfg = Release|Any CPU
		{FDC53922-2FDF-4FF6-AB28-F5D7810421EC}.Release|Any CPU.Build.0 = Release|Any CPU
		{EB99B462-0DFA-4F88-80CA-31CFD72B39DD}.Debug|Any CPU.ActiveCfg = Debug|Any CPU
		{EB99B462-0DFA-4F88-80CA-31CFD72B39DD}.Debug|Any CPU.Build.0 = Debug|Any CPU
		{EB99B462-0DFA-4F88-80CA-31CFD72B39DD}.Release|Any CPU.ActiveCfg = Release|Any CPU
		{EB99B462-0DFA-4F88-80CA-31CFD72B39DD}.Release|Any CPU.Build.0 = Release|Any CPU
		{5EA52F9E-8832-46F0-918E-2118DF60C176}.Debug|Any CPU.ActiveCfg = Debug|Any CPU
		{5EA52F9E-8832-46F0-918E-2118DF60C176}.Debug|Any CPU.Build.0 = Debug|Any CPU
		{5EA52F9E-8832-46F0-918E-2118DF60C176}.Release|Any CPU.ActiveCfg = Release|Any CPU
		{5EA52F9E-8832-46F0-918E-2118DF60C176}.Release|Any CPU.Build.0 = Release|Any CPU
		{631E95E3-AEC6-90C4-F17B-E4D9E49E97C5}.Debug|Any CPU.ActiveCfg = Debug|Any CPU
		{631E95E3-AEC6-90C4-F17B-E4D9E49E97C5}.Debug|Any CPU.Build.0 = Debug|Any CPU
		{631E95E3-AEC6-90C4-F17B-E4D9E49E97C5}.Release|Any CPU.ActiveCfg = Release|Any CPU
		{631E95E3-AEC6-90C4-F17B-E4D9E49E97C5}.Release|Any CPU.Build.0 = Release|Any CPU
		{FB056305-861B-460C-814A-16C7D86E0D9D}.Debug|Any CPU.ActiveCfg = Debug|Any CPU
		{FB056305-861B-460C-814A-16C7D86E0D9D}.Debug|Any CPU.Build.0 = Debug|Any CPU
		{FB056305-861B-460C-814A-16C7D86E0D9D}.Release|Any CPU.ActiveCfg = Release|Any CPU
		{FB056305-861B-460C-814A-16C7D86E0D9D}.Release|Any CPU.Build.0 = Release|Any CPU
		{D7F22565-E2F7-EA01-4FD6-2B118091936B}.Debug|Any CPU.ActiveCfg = Debug|Any CPU
		{D7F22565-E2F7-EA01-4FD6-2B118091936B}.Debug|Any CPU.Build.0 = Debug|Any CPU
		{D7F22565-E2F7-EA01-4FD6-2B118091936B}.Release|Any CPU.ActiveCfg = Release|Any CPU
		{D7F22565-E2F7-EA01-4FD6-2B118091936B}.Release|Any CPU.Build.0 = Release|Any CPU
		{A5C181D3-E62F-424F-8F0F-D7B03644C491}.Debug|Any CPU.ActiveCfg = Debug|Any CPU
		{A5C181D3-E62F-424F-8F0F-D7B03644C491}.Debug|Any CPU.Build.0 = Debug|Any CPU
		{A5C181D3-E62F-424F-8F0F-D7B03644C491}.Release|Any CPU.ActiveCfg = Release|Any CPU
		{A5C181D3-E62F-424F-8F0F-D7B03644C491}.Release|Any CPU.Build.0 = Release|Any CPU
		{2CF90CD0-E7F9-404B-BA0A-75270DB6391D}.Debug|Any CPU.ActiveCfg = Debug|Any CPU
		{2CF90CD0-E7F9-404B-BA0A-75270DB6391D}.Debug|Any CPU.Build.0 = Debug|Any CPU
		{2CF90CD0-E7F9-404B-BA0A-75270DB6391D}.Release|Any CPU.ActiveCfg = Release|Any CPU
		{2CF90CD0-E7F9-404B-BA0A-75270DB6391D}.Release|Any CPU.Build.0 = Release|Any CPU
		{FEC09318-30C2-4948-824B-D55DAAD09D55}.Debug|Any CPU.ActiveCfg = Debug|Any CPU
		{FEC09318-30C2-4948-824B-D55DAAD09D55}.Debug|Any CPU.Build.0 = Debug|Any CPU
		{FEC09318-30C2-4948-824B-D55DAAD09D55}.Release|Any CPU.ActiveCfg = Release|Any CPU
		{FEC09318-30C2-4948-824B-D55DAAD09D55}.Release|Any CPU.Build.0 = Release|Any CPU
	EndGlobalSection
	GlobalSection(SolutionProperties) = preSolution
		HideSolutionNode = FALSE
	EndGlobalSection
	GlobalSection(NestedProjects) = preSolution
		{446A17F2-5F60-4122-88E6-D1786717885D} = {02EA681E-C7D8-13C7-8484-4AC65E1B71E8}
		{EAA7F2D4-6B55-852B-174C-0814BEF265ED} = {02EA681E-C7D8-13C7-8484-4AC65E1B71E8}
		{2D476B9C-9303-48E8-8792-4D38279DBAAE} = {017E1391-477D-4AC4-AA46-6DF558D6295D}
		{C839D6ED-1875-4812-A896-B358F79978BB} = {2D476B9C-9303-48E8-8792-4D38279DBAAE}
		{2BB1D2EA-BA5D-468E-9F0F-FD7E4A8DB7A1} = {2D476B9C-9303-48E8-8792-4D38279DBAAE}
		{5DC4BA63-45CF-4345-8005-EF22B5C6640D} = {2D476B9C-9303-48E8-8792-4D38279DBAAE}
		{FDC53922-2FDF-4FF6-AB28-F5D7810421EC} = {02EA681E-C7D8-13C7-8484-4AC65E1B71E8}
		{AF8D10CF-08B0-44C3-8711-75B4F7E72C7C} = {9F45DA7D-1131-4E26-9492-4FBD0DAD9A79}
		{41EA3C2E-B4A7-4857-973F-A720F98A8AA6} = {9F45DA7D-1131-4E26-9492-4FBD0DAD9A79}
		{80CE1130-E903-41D2-AF93-500B2FDA6AAC} = {9F45DA7D-1131-4E26-9492-4FBD0DAD9A79}
		{EB99B462-0DFA-4F88-80CA-31CFD72B39DD} = {702919F4-2CBA-407E-9A29-9F7E95A660A5}
		{5EA52F9E-8832-46F0-918E-2118DF60C176} = {02EA681E-C7D8-13C7-8484-4AC65E1B71E8}
		{631E95E3-AEC6-90C4-F17B-E4D9E49E97C5} = {0ECAF0EB-4C94-4032-A610-F9A57835E250}
		{0ECAF0EB-4C94-4032-A610-F9A57835E250} = {D376D7F7-F690-40F6-A419-5D1303A3C362}
		{FB056305-861B-460C-814A-16C7D86E0D9D} = {02EA681E-C7D8-13C7-8484-4AC65E1B71E8}
		{C6DE3E30-6064-4FF3-B5F5-A6CF79C86C4E} = {2D476B9C-9303-48E8-8792-4D38279DBAAE}
		{D7F22565-E2F7-EA01-4FD6-2B118091936B} = {2D476B9C-9303-48E8-8792-4D38279DBAAE}
		{A5C181D3-E62F-424F-8F0F-D7B03644C491} = {C6DE3E30-6064-4FF3-B5F5-A6CF79C86C4E}
		{2CF90CD0-E7F9-404B-BA0A-75270DB6391D} = {C6DE3E30-6064-4FF3-B5F5-A6CF79C86C4E}
		{FEC09318-30C2-4948-824B-D55DAAD09D55} = {C6DE3E30-6064-4FF3-B5F5-A6CF79C86C4E}
	EndGlobalSection
	GlobalSection(ExtensibilityGlobals) = postSolution
		SolutionGuid = {649B2EF0-52DC-4556-A0A1-66415B9ACA90}
	EndGlobalSection
EndGlobal
